// !$*UTF8*$!
{
	archiveVersion = 1;
	classes = {
	};
	objectVersion = 51;
	objects = {

/* Begin PBXBuildFile section */
		6084C0634A1A8686C49F7985 /* Pods_MapDemoAppTests.framework in Frameworks */ = {isa = PBXBuildFile; fileRef = F3A688D5074B4C0D1E386C04 /* Pods_MapDemoAppTests.framework */; };
		C177F1C424B6200800FBCACC /* MainMapPresenter.swift in Sources */ = {isa = PBXBuildFile; fileRef = C177F1BE24B6200800FBCACC /* MainMapPresenter.swift */; };
		C177F1C524B6200800FBCACC /* MainMapRouter.swift in Sources */ = {isa = PBXBuildFile; fileRef = C177F1BF24B6200800FBCACC /* MainMapRouter.swift */; };
		C177F1C624B6200800FBCACC /* MainMapViewController.swift in Sources */ = {isa = PBXBuildFile; fileRef = C177F1C024B6200800FBCACC /* MainMapViewController.swift */; };
		C177F1C724B6200800FBCACC /* MainMapInteractor.swift in Sources */ = {isa = PBXBuildFile; fileRef = C177F1C124B6200800FBCACC /* MainMapInteractor.swift */; };
		C177F1CD24B6202700FBCACC /* MainMapModel.swift in Sources */ = {isa = PBXBuildFile; fileRef = C177F1CC24B6202700FBCACC /* MainMapModel.swift */; };
		C177F1CF24B6203900FBCACC /* MainMapViewController.xib in Resources */ = {isa = PBXBuildFile; fileRef = C177F1CE24B6203900FBCACC /* MainMapViewController.xib */; };
		C177F1D824B6249500FBCACC /* Vehicle.swift in Sources */ = {isa = PBXBuildFile; fileRef = C177F1D724B6249500FBCACC /* Vehicle.swift */; };
		C177F1DA24B6263C00FBCACC /* Meepable.swift in Sources */ = {isa = PBXBuildFile; fileRef = C177F1D924B6263C00FBCACC /* Meepable.swift */; };
		C177F1DD24B62A8D00FBCACC /* BaseRepository.swift in Sources */ = {isa = PBXBuildFile; fileRef = C177F1DC24B62A8D00FBCACC /* BaseRepository.swift */; };
		C177F1DF24B62AAA00FBCACC /* RequestManager.swift in Sources */ = {isa = PBXBuildFile; fileRef = C177F1DE24B62AAA00FBCACC /* RequestManager.swift */; };
		C177F1E124B62AC900FBCACC /* Endpoints.swift in Sources */ = {isa = PBXBuildFile; fileRef = C177F1E024B62AC900FBCACC /* Endpoints.swift */; };
		C177F1E324B62BC200FBCACC /* MainMapRepository.swift in Sources */ = {isa = PBXBuildFile; fileRef = C177F1E224B62BC200FBCACC /* MainMapRepository.swift */; };
		C177F1E524B62CA000FBCACC /* Meep.swift in Sources */ = {isa = PBXBuildFile; fileRef = C177F1E424B62CA000FBCACC /* Meep.swift */; };
		C177F1E724B62D6000FBCACC /* Bike.swift in Sources */ = {isa = PBXBuildFile; fileRef = C177F1E624B62D6000FBCACC /* Bike.swift */; };
		C177F1E924B62E4800FBCACC /* BustStop.swift in Sources */ = {isa = PBXBuildFile; fileRef = C177F1E824B62E4800FBCACC /* BustStop.swift */; };
		C1894E2724BC8753006F9F9A /* UIImage+Extensions.swift in Sources */ = {isa = PBXBuildFile; fileRef = C1894E2624BC8753006F9F9A /* UIImage+Extensions.swift */; };
		C1894E2924BC87F6006F9F9A /* MainMapPresenterTests.swift in Sources */ = {isa = PBXBuildFile; fileRef = C1894E2824BC87F6006F9F9A /* MainMapPresenterTests.swift */; };
		C1894E2B24BC8D61006F9F9A /* Double+Extensions.swift in Sources */ = {isa = PBXBuildFile; fileRef = C1894E2A24BC8D61006F9F9A /* Double+Extensions.swift */; };
		C19BDE8224BB690200DFCB3D /* MapMarkerFactory.swift in Sources */ = {isa = PBXBuildFile; fileRef = C19BDE8124BB690200DFCB3D /* MapMarkerFactory.swift */; };
		C19BDE8424BB7FA100DFCB3D /* MarkerColors.swift in Sources */ = {isa = PBXBuildFile; fileRef = C19BDE8324BB7FA100DFCB3D /* MarkerColors.swift */; };
		C19BDE8724BB96B500DFCB3D /* MapRepositoryMock.swift in Sources */ = {isa = PBXBuildFile; fileRef = C19BDE8624BB96B500DFCB3D /* MapRepositoryMock.swift */; };
		C19BDE8924BB978D00DFCB3D /* XCTestExtensions.swift in Sources */ = {isa = PBXBuildFile; fileRef = C19BDE8824BB978D00DFCB3D /* XCTestExtensions.swift */; };
		C19BDE9224BB983900DFCB3D /* MainMapPresenterMock.swift in Sources */ = {isa = PBXBuildFile; fileRef = C19BDE9124BB983900DFCB3D /* MainMapPresenterMock.swift */; };
		C19BDE9424BB98C800DFCB3D /* MainMapInteractorMock.swift in Sources */ = {isa = PBXBuildFile; fileRef = C19BDE9324BB98C800DFCB3D /* MainMapInteractorMock.swift */; };
		C19BDE9624BB992200DFCB3D /* MainMapViewMock.swift in Sources */ = {isa = PBXBuildFile; fileRef = C19BDE9524BB992200DFCB3D /* MainMapViewMock.swift */; };
		C19BDE9824BB9A5B00DFCB3D /* CommonApiError.swift in Sources */ = {isa = PBXBuildFile; fileRef = C19BDE9724BB9A5B00DFCB3D /* CommonApiError.swift */; };
		C19BDE9A24BB9B0B00DFCB3D /* Meep.json in Resources */ = {isa = PBXBuildFile; fileRef = C19BDE9924BB9B0B00DFCB3D /* Meep.json */; };
		C19BDE9C24BB9B3D00DFCB3D /* MainMapInteractorTests.swift in Sources */ = {isa = PBXBuildFile; fileRef = C19BDE9B24BB9B3D00DFCB3D /* MainMapInteractorTests.swift */; };
		C19BDE9E24BB9F7A00DFCB3D /* AttentionView.swift in Sources */ = {isa = PBXBuildFile; fileRef = C19BDE9D24BB9F7A00DFCB3D /* AttentionView.swift */; };
		C1C9875D24B5C66A00216513 /* AppDelegate.swift in Sources */ = {isa = PBXBuildFile; fileRef = C1C9875C24B5C66A00216513 /* AppDelegate.swift */; };
		C1C9875F24B5C66A00216513 /* SceneDelegate.swift in Sources */ = {isa = PBXBuildFile; fileRef = C1C9875E24B5C66A00216513 /* SceneDelegate.swift */; };
		C1C9876424B5C66A00216513 /* Main.storyboard in Resources */ = {isa = PBXBuildFile; fileRef = C1C9876224B5C66A00216513 /* Main.storyboard */; };
		C1C9876624B5C66D00216513 /* Assets.xcassets in Resources */ = {isa = PBXBuildFile; fileRef = C1C9876524B5C66D00216513 /* Assets.xcassets */; };
		C1C9876924B5C66D00216513 /* LaunchScreen.storyboard in Resources */ = {isa = PBXBuildFile; fileRef = C1C9876724B5C66D00216513 /* LaunchScreen.storyboard */; };
		C1C9877424B5C66D00216513 /* MapDemoAppTests.swift in Sources */ = {isa = PBXBuildFile; fileRef = C1C9877324B5C66D00216513 /* MapDemoAppTests.swift */; };
		C1EC759724B6F222000F33C4 /* Alamofire+Extensions.swift in Sources */ = {isa = PBXBuildFile; fileRef = C1EC759624B6F222000F33C4 /* Alamofire+Extensions.swift */; };
		C1EC759B24B78500000F33C4 /* MeepViewObject.swift in Sources */ = {isa = PBXBuildFile; fileRef = C1EC759A24B78500000F33C4 /* MeepViewObject.swift */; };
		D340F79F3CA77C09AB3E426B /* Pods_MapDemoApp.framework in Frameworks */ = {isa = PBXBuildFile; fileRef = 71CAFAA929AF3A067AE38CE2 /* Pods_MapDemoApp.framework */; };
/* End PBXBuildFile section */

/* Begin PBXContainerItemProxy section */
		C1C9877024B5C66D00216513 /* PBXContainerItemProxy */ = {
			isa = PBXContainerItemProxy;
			containerPortal = C1C9875124B5C66A00216513 /* Project object */;
			proxyType = 1;
			remoteGlobalIDString = C1C9875824B5C66A00216513;
			remoteInfo = MapDemoApp;
		};
/* End PBXContainerItemProxy section */

/* Begin PBXFileReference section */
		38BB7010A963F36F2AD56409 /* Pods-MapDemoApp.debug.xcconfig */ = {isa = PBXFileReference; includeInIndex = 1; lastKnownFileType = text.xcconfig; name = "Pods-MapDemoApp.debug.xcconfig"; path = "Target Support Files/Pods-MapDemoApp/Pods-MapDemoApp.debug.xcconfig"; sourceTree = "<group>"; };
		71CAFAA929AF3A067AE38CE2 /* Pods_MapDemoApp.framework */ = {isa = PBXFileReference; explicitFileType = wrapper.framework; includeInIndex = 0; path = Pods_MapDemoApp.framework; sourceTree = BUILT_PRODUCTS_DIR; };
		A2D8DF6C45D3F7E8046EFA04 /* Pods-MapDemoAppTests.debug.xcconfig */ = {isa = PBXFileReference; includeInIndex = 1; lastKnownFileType = text.xcconfig; name = "Pods-MapDemoAppTests.debug.xcconfig"; path = "Target Support Files/Pods-MapDemoAppTests/Pods-MapDemoAppTests.debug.xcconfig"; sourceTree = "<group>"; };
		B02D9C56859B29EB2AC1019B /* Pods-MapDemoAppTests.release.xcconfig */ = {isa = PBXFileReference; includeInIndex = 1; lastKnownFileType = text.xcconfig; name = "Pods-MapDemoAppTests.release.xcconfig"; path = "Target Support Files/Pods-MapDemoAppTests/Pods-MapDemoAppTests.release.xcconfig"; sourceTree = "<group>"; };
		BEC501CF70CFB08819B76726 /* Pods-MapDemoApp.release.xcconfig */ = {isa = PBXFileReference; includeInIndex = 1; lastKnownFileType = text.xcconfig; name = "Pods-MapDemoApp.release.xcconfig"; path = "Target Support Files/Pods-MapDemoApp/Pods-MapDemoApp.release.xcconfig"; sourceTree = "<group>"; };
		C177F1BE24B6200800FBCACC /* MainMapPresenter.swift */ = {isa = PBXFileReference; lastKnownFileType = sourcecode.swift; path = MainMapPresenter.swift; sourceTree = "<group>"; };
		C177F1BF24B6200800FBCACC /* MainMapRouter.swift */ = {isa = PBXFileReference; lastKnownFileType = sourcecode.swift; path = MainMapRouter.swift; sourceTree = "<group>"; };
		C177F1C024B6200800FBCACC /* MainMapViewController.swift */ = {isa = PBXFileReference; lastKnownFileType = sourcecode.swift; path = MainMapViewController.swift; sourceTree = "<group>"; };
		C177F1C124B6200800FBCACC /* MainMapInteractor.swift */ = {isa = PBXFileReference; lastKnownFileType = sourcecode.swift; path = MainMapInteractor.swift; sourceTree = "<group>"; };
		C177F1CC24B6202700FBCACC /* MainMapModel.swift */ = {isa = PBXFileReference; lastKnownFileType = sourcecode.swift; path = MainMapModel.swift; sourceTree = "<group>"; };
		C177F1CE24B6203900FBCACC /* MainMapViewController.xib */ = {isa = PBXFileReference; lastKnownFileType = file.xib; path = MainMapViewController.xib; sourceTree = "<group>"; };
		C177F1D724B6249500FBCACC /* Vehicle.swift */ = {isa = PBXFileReference; lastKnownFileType = sourcecode.swift; path = Vehicle.swift; sourceTree = "<group>"; };
		C177F1D924B6263C00FBCACC /* Meepable.swift */ = {isa = PBXFileReference; lastKnownFileType = sourcecode.swift; path = Meepable.swift; sourceTree = "<group>"; };
		C177F1DC24B62A8D00FBCACC /* BaseRepository.swift */ = {isa = PBXFileReference; lastKnownFileType = sourcecode.swift; path = BaseRepository.swift; sourceTree = "<group>"; };
		C177F1DE24B62AAA00FBCACC /* RequestManager.swift */ = {isa = PBXFileReference; lastKnownFileType = sourcecode.swift; path = RequestManager.swift; sourceTree = "<group>"; };
		C177F1E024B62AC900FBCACC /* Endpoints.swift */ = {isa = PBXFileReference; lastKnownFileType = sourcecode.swift; path = Endpoints.swift; sourceTree = "<group>"; };
		C177F1E224B62BC200FBCACC /* MainMapRepository.swift */ = {isa = PBXFileReference; lastKnownFileType = sourcecode.swift; path = MainMapRepository.swift; sourceTree = "<group>"; };
		C177F1E424B62CA000FBCACC /* Meep.swift */ = {isa = PBXFileReference; lastKnownFileType = sourcecode.swift; path = Meep.swift; sourceTree = "<group>"; };
		C177F1E624B62D6000FBCACC /* Bike.swift */ = {isa = PBXFileReference; lastKnownFileType = sourcecode.swift; path = Bike.swift; sourceTree = "<group>"; };
		C177F1E824B62E4800FBCACC /* BustStop.swift */ = {isa = PBXFileReference; lastKnownFileType = sourcecode.swift; path = BustStop.swift; sourceTree = "<group>"; };
		C1894E2624BC8753006F9F9A /* UIImage+Extensions.swift */ = {isa = PBXFileReference; lastKnownFileType = sourcecode.swift; path = "UIImage+Extensions.swift"; sourceTree = "<group>"; };
		C1894E2824BC87F6006F9F9A /* MainMapPresenterTests.swift */ = {isa = PBXFileReference; lastKnownFileType = sourcecode.swift; path = MainMapPresenterTests.swift; sourceTree = "<group>"; };
		C1894E2A24BC8D61006F9F9A /* Double+Extensions.swift */ = {isa = PBXFileReference; lastKnownFileType = sourcecode.swift; path = "Double+Extensions.swift"; sourceTree = "<group>"; };
		C19BDE8124BB690200DFCB3D /* MapMarkerFactory.swift */ = {isa = PBXFileReference; lastKnownFileType = sourcecode.swift; path = MapMarkerFactory.swift; sourceTree = "<group>"; };
		C19BDE8324BB7FA100DFCB3D /* MarkerColors.swift */ = {isa = PBXFileReference; lastKnownFileType = sourcecode.swift; path = MarkerColors.swift; sourceTree = "<group>"; };
		C19BDE8624BB96B500DFCB3D /* MapRepositoryMock.swift */ = {isa = PBXFileReference; lastKnownFileType = sourcecode.swift; path = MapRepositoryMock.swift; sourceTree = "<group>"; };
		C19BDE8824BB978D00DFCB3D /* XCTestExtensions.swift */ = {isa = PBXFileReference; lastKnownFileType = sourcecode.swift; path = XCTestExtensions.swift; sourceTree = "<group>"; };
		C19BDE9124BB983900DFCB3D /* MainMapPresenterMock.swift */ = {isa = PBXFileReference; lastKnownFileType = sourcecode.swift; path = MainMapPresenterMock.swift; sourceTree = "<group>"; };
		C19BDE9324BB98C800DFCB3D /* MainMapInteractorMock.swift */ = {isa = PBXFileReference; lastKnownFileType = sourcecode.swift; path = MainMapInteractorMock.swift; sourceTree = "<group>"; };
		C19BDE9524BB992200DFCB3D /* MainMapViewMock.swift */ = {isa = PBXFileReference; lastKnownFileType = sourcecode.swift; path = MainMapViewMock.swift; sourceTree = "<group>"; };
		C19BDE9724BB9A5B00DFCB3D /* CommonApiError.swift */ = {isa = PBXFileReference; lastKnownFileType = sourcecode.swift; path = CommonApiError.swift; sourceTree = "<group>"; };
		C19BDE9924BB9B0B00DFCB3D /* Meep.json */ = {isa = PBXFileReference; lastKnownFileType = text.json; path = Meep.json; sourceTree = "<group>"; };
		C19BDE9B24BB9B3D00DFCB3D /* MainMapInteractorTests.swift */ = {isa = PBXFileReference; lastKnownFileType = sourcecode.swift; path = MainMapInteractorTests.swift; sourceTree = "<group>"; };
		C19BDE9D24BB9F7A00DFCB3D /* AttentionView.swift */ = {isa = PBXFileReference; lastKnownFileType = sourcecode.swift; path = AttentionView.swift; sourceTree = "<group>"; };
		C1C9875924B5C66A00216513 /* MapDemoApp.app */ = {isa = PBXFileReference; explicitFileType = wrapper.application; includeInIndex = 0; path = MapDemoApp.app; sourceTree = BUILT_PRODUCTS_DIR; };
		C1C9875C24B5C66A00216513 /* AppDelegate.swift */ = {isa = PBXFileReference; lastKnownFileType = sourcecode.swift; path = AppDelegate.swift; sourceTree = "<group>"; };
		C1C9875E24B5C66A00216513 /* SceneDelegate.swift */ = {isa = PBXFileReference; lastKnownFileType = sourcecode.swift; path = SceneDelegate.swift; sourceTree = "<group>"; };
		C1C9876324B5C66A00216513 /* Base */ = {isa = PBXFileReference; lastKnownFileType = file.storyboard; name = Base; path = Base.lproj/Main.storyboard; sourceTree = "<group>"; };
		C1C9876524B5C66D00216513 /* Assets.xcassets */ = {isa = PBXFileReference; lastKnownFileType = folder.assetcatalog; path = Assets.xcassets; sourceTree = "<group>"; };
		C1C9876824B5C66D00216513 /* Base */ = {isa = PBXFileReference; lastKnownFileType = file.storyboard; name = Base; path = Base.lproj/LaunchScreen.storyboard; sourceTree = "<group>"; };
		C1C9876A24B5C66D00216513 /* Info.plist */ = {isa = PBXFileReference; lastKnownFileType = text.plist.xml; path = Info.plist; sourceTree = "<group>"; };
		C1C9876F24B5C66D00216513 /* MapDemoAppTests.xctest */ = {isa = PBXFileReference; explicitFileType = wrapper.cfbundle; includeInIndex = 0; path = MapDemoAppTests.xctest; sourceTree = BUILT_PRODUCTS_DIR; };
		C1C9877324B5C66D00216513 /* MapDemoAppTests.swift */ = {isa = PBXFileReference; lastKnownFileType = sourcecode.swift; path = MapDemoAppTests.swift; sourceTree = "<group>"; };
		C1C9877524B5C66D00216513 /* Info.plist */ = {isa = PBXFileReference; lastKnownFileType = text.plist.xml; path = Info.plist; sourceTree = "<group>"; };
		C1EC759624B6F222000F33C4 /* Alamofire+Extensions.swift */ = {isa = PBXFileReference; lastKnownFileType = sourcecode.swift; path = "Alamofire+Extensions.swift"; sourceTree = "<group>"; };
		C1EC759A24B78500000F33C4 /* MeepViewObject.swift */ = {isa = PBXFileReference; lastKnownFileType = sourcecode.swift; path = MeepViewObject.swift; sourceTree = "<group>"; };
		F3A688D5074B4C0D1E386C04 /* Pods_MapDemoAppTests.framework */ = {isa = PBXFileReference; explicitFileType = wrapper.framework; includeInIndex = 0; path = Pods_MapDemoAppTests.framework; sourceTree = BUILT_PRODUCTS_DIR; };
/* End PBXFileReference section */

/* Begin PBXFrameworksBuildPhase section */
		C1C9875624B5C66A00216513 /* Frameworks */ = {
			isa = PBXFrameworksBuildPhase;
			buildActionMask = 2147483647;
			files = (
				D340F79F3CA77C09AB3E426B /* Pods_MapDemoApp.framework in Frameworks */,
			);
			runOnlyForDeploymentPostprocessing = 0;
		};
		C1C9876C24B5C66D00216513 /* Frameworks */ = {
			isa = PBXFrameworksBuildPhase;
			buildActionMask = 2147483647;
			files = (
				6084C0634A1A8686C49F7985 /* Pods_MapDemoAppTests.framework in Frameworks */,
			);
			runOnlyForDeploymentPostprocessing = 0;
		};
/* End PBXFrameworksBuildPhase section */

/* Begin PBXGroup section */
		1944C9EFBC9BEBE7EC827E77 /* Pods */ = {
			isa = PBXGroup;
			children = (
				38BB7010A963F36F2AD56409 /* Pods-MapDemoApp.debug.xcconfig */,
				BEC501CF70CFB08819B76726 /* Pods-MapDemoApp.release.xcconfig */,
				A2D8DF6C45D3F7E8046EFA04 /* Pods-MapDemoAppTests.debug.xcconfig */,
				B02D9C56859B29EB2AC1019B /* Pods-MapDemoAppTests.release.xcconfig */,
			);
			path = Pods;
			sourceTree = "<group>";
		};
		C177F1CA24B6200C00FBCACC /* Scenes */ = {
			isa = PBXGroup;
			children = (
				C177F1CB24B6201300FBCACC /* MainMap */,
			);
			path = Scenes;
			sourceTree = "<group>";
		};
		C177F1CB24B6201300FBCACC /* MainMap */ = {
			isa = PBXGroup;
			children = (
				C19BDE8124BB690200DFCB3D /* MapMarkerFactory.swift */,
				C177F1D424B6206200FBCACC /* ViewModel */,
				C177F1D324B6205B00FBCACC /* Router */,
				C177F1D224B6205000FBCACC /* Interactor */,
				C177F1D124B6204900FBCACC /* Presenter */,
				C177F1D024B6203E00FBCACC /* View */,
			);
			path = MainMap;
			sourceTree = "<group>";
		};
		C177F1D024B6203E00FBCACC /* View */ = {
			isa = PBXGroup;
			children = (
				C177F1C024B6200800FBCACC /* MainMapViewController.swift */,
				C177F1CE24B6203900FBCACC /* MainMapViewController.xib */,
			);
			path = View;
			sourceTree = "<group>";
		};
		C177F1D124B6204900FBCACC /* Presenter */ = {
			isa = PBXGroup;
			children = (
				C177F1BE24B6200800FBCACC /* MainMapPresenter.swift */,
			);
			path = Presenter;
			sourceTree = "<group>";
		};
		C177F1D224B6205000FBCACC /* Interactor */ = {
			isa = PBXGroup;
			children = (
				C177F1C124B6200800FBCACC /* MainMapInteractor.swift */,
			);
			path = Interactor;
			sourceTree = "<group>";
		};
		C177F1D324B6205B00FBCACC /* Router */ = {
			isa = PBXGroup;
			children = (
				C177F1BF24B6200800FBCACC /* MainMapRouter.swift */,
			);
			path = Router;
			sourceTree = "<group>";
		};
		C177F1D424B6206200FBCACC /* ViewModel */ = {
			isa = PBXGroup;
			children = (
				C177F1CC24B6202700FBCACC /* MainMapModel.swift */,
			);
			path = ViewModel;
			sourceTree = "<group>";
		};
		C177F1D524B623FD00FBCACC /* Models */ = {
			isa = PBXGroup;
			children = (
				C177F1D724B6249500FBCACC /* Vehicle.swift */,
				C177F1D924B6263C00FBCACC /* Meepable.swift */,
				C177F1E424B62CA000FBCACC /* Meep.swift */,
				C177F1E624B62D6000FBCACC /* Bike.swift */,
				C177F1E824B62E4800FBCACC /* BustStop.swift */,
				C1EC759A24B78500000F33C4 /* MeepViewObject.swift */,
			);
			path = Models;
			sourceTree = "<group>";
		};
		C177F1DB24B62A7400FBCACC /* Repositories */ = {
			isa = PBXGroup;
			children = (
				C177F1DC24B62A8D00FBCACC /* BaseRepository.swift */,
				C177F1DE24B62AAA00FBCACC /* RequestManager.swift */,
				C177F1E024B62AC900FBCACC /* Endpoints.swift */,
				C177F1E224B62BC200FBCACC /* MainMapRepository.swift */,
			);
			path = Repositories;
			sourceTree = "<group>";
		};
		C19BDE8524BB964900DFCB3D /* Repository */ = {
			isa = PBXGroup;
			children = (
				C19BDE8624BB96B500DFCB3D /* MapRepositoryMock.swift */,
				C19BDE9724BB9A5B00DFCB3D /* CommonApiError.swift */,
			);
			path = Repository;
			sourceTree = "<group>";
		};
		C19BDE8A24BB97AD00DFCB3D /* Stubs */ = {
			isa = PBXGroup;
			children = (
				C19BDE9924BB9B0B00DFCB3D /* Meep.json */,
			);
			path = Stubs;
			sourceTree = "<group>";
		};
		C19BDE8B24BB97CC00DFCB3D /* MainMap */ = {
			isa = PBXGroup;
			children = (
				C19BDE8D24BB97DF00DFCB3D /* Mocks */,
				C19BDE8C24BB97DA00DFCB3D /* Tests */,
			);
			path = MainMap;
			sourceTree = "<group>";
		};
		C19BDE8C24BB97DA00DFCB3D /* Tests */ = {
			isa = PBXGroup;
			children = (
				C19BDE9B24BB9B3D00DFCB3D /* MainMapInteractorTests.swift */,
				C1894E2824BC87F6006F9F9A /* MainMapPresenterTests.swift */,
			);
			path = Tests;
			sourceTree = "<group>";
		};
		C19BDE8D24BB97DF00DFCB3D /* Mocks */ = {
			isa = PBXGroup;
			children = (
				C19BDE9024BB980800DFCB3D /* Interactor */,
				C19BDE8F24BB980200DFCB3D /* Presenter */,
				C19BDE8E24BB97F300DFCB3D /* View */,
			);
			path = Mocks;
			sourceTree = "<group>";
		};
		C19BDE8E24BB97F300DFCB3D /* View */ = {
			isa = PBXGroup;
			children = (
				C19BDE9524BB992200DFCB3D /* MainMapViewMock.swift */,
			);
			path = View;
			sourceTree = "<group>";
		};
		C19BDE8F24BB980200DFCB3D /* Presenter */ = {
			isa = PBXGroup;
			children = (
				C19BDE9124BB983900DFCB3D /* MainMapPresenterMock.swift */,
			);
			path = Presenter;
			sourceTree = "<group>";
		};
		C19BDE9024BB980800DFCB3D /* Interactor */ = {
			isa = PBXGroup;
			children = (
				C19BDE9324BB98C800DFCB3D /* MainMapInteractorMock.swift */,
			);
			path = Interactor;
			sourceTree = "<group>";
		};
		C19BDE9F24BB9F9700DFCB3D /* Common */ = {
			isa = PBXGroup;
			children = (
				C19BDE9D24BB9F7A00DFCB3D /* AttentionView.swift */,
			);
			path = Common;
			sourceTree = "<group>";
		};
		C1C9875024B5C66A00216513 = {
			isa = PBXGroup;
			children = (
				C1C9875B24B5C66A00216513 /* MapDemoApp */,
				C1C9877224B5C66D00216513 /* MapDemoAppTests */,
				C1C9875A24B5C66A00216513 /* Products */,
				1944C9EFBC9BEBE7EC827E77 /* Pods */,
				F460CD31828EC921D0E7935E /* Frameworks */,
			);
			sourceTree = "<group>";
		};
		C1C9875A24B5C66A00216513 /* Products */ = {
			isa = PBXGroup;
			children = (
				C1C9875924B5C66A00216513 /* MapDemoApp.app */,
				C1C9876F24B5C66D00216513 /* MapDemoAppTests.xctest */,
			);
			name = Products;
			sourceTree = "<group>";
		};
		C1C9875B24B5C66A00216513 /* MapDemoApp */ = {
			isa = PBXGroup;
			children = (
				C19BDE9F24BB9F9700DFCB3D /* Common */,
				C1EC759524B6F20D000F33C4 /* Extensions */,
				C177F1DB24B62A7400FBCACC /* Repositories */,
				C177F1D524B623FD00FBCACC /* Models */,
				C177F1CA24B6200C00FBCACC /* Scenes */,
				C1C9875C24B5C66A00216513 /* AppDelegate.swift */,
				C1C9875E24B5C66A00216513 /* SceneDelegate.swift */,
				C1C9876224B5C66A00216513 /* Main.storyboard */,
				C1C9876524B5C66D00216513 /* Assets.xcassets */,
				C1C9876724B5C66D00216513 /* LaunchScreen.storyboard */,
				C1C9876A24B5C66D00216513 /* Info.plist */,
			);
			path = MapDemoApp;
			sourceTree = "<group>";
		};
		C1C9877224B5C66D00216513 /* MapDemoAppTests */ = {
			isa = PBXGroup;
			children = (
				C19BDE8B24BB97CC00DFCB3D /* MainMap */,
				C19BDE8A24BB97AD00DFCB3D /* Stubs */,
				C19BDE8524BB964900DFCB3D /* Repository */,
				C1C9877324B5C66D00216513 /* MapDemoAppTests.swift */,
				C1C9877524B5C66D00216513 /* Info.plist */,
				C19BDE8824BB978D00DFCB3D /* XCTestExtensions.swift */,
			);
			path = MapDemoAppTests;
			sourceTree = "<group>";
		};
		C1EC759524B6F20D000F33C4 /* Extensions */ = {
			isa = PBXGroup;
			children = (
				C1EC759624B6F222000F33C4 /* Alamofire+Extensions.swift */,
				C19BDE8324BB7FA100DFCB3D /* MarkerColors.swift */,
				C1894E2624BC8753006F9F9A /* UIImage+Extensions.swift */,
				C1894E2A24BC8D61006F9F9A /* Double+Extensions.swift */,
			);
			path = Extensions;
			sourceTree = "<group>";
		};
		F460CD31828EC921D0E7935E /* Frameworks */ = {
			isa = PBXGroup;
			children = (
				71CAFAA929AF3A067AE38CE2 /* Pods_MapDemoApp.framework */,
				F3A688D5074B4C0D1E386C04 /* Pods_MapDemoAppTests.framework */,
			);
			name = Frameworks;
			sourceTree = "<group>";
		};
/* End PBXGroup section */

/* Begin PBXNativeTarget section */
		C1C9875824B5C66A00216513 /* MapDemoApp */ = {
			isa = PBXNativeTarget;
			buildConfigurationList = C1C9877824B5C66D00216513 /* Build configuration list for PBXNativeTarget "MapDemoApp" */;
			buildPhases = (
				AB48564EE2E64E0A11EA62AD /* [CP] Check Pods Manifest.lock */,
				C1C9875524B5C66A00216513 /* Sources */,
				C1C9875624B5C66A00216513 /* Frameworks */,
				C1C9875724B5C66A00216513 /* Resources */,
				A94EF36DD92F4362806CE223 /* [CP] Copy Pods Resources */,
				182A6EB0F98BB0858B2A541C /* [CP] Embed Pods Frameworks */,
			);
			buildRules = (
			);
			dependencies = (
			);
			name = MapDemoApp;
			productName = MapDemoApp;
			productReference = C1C9875924B5C66A00216513 /* MapDemoApp.app */;
			productType = "com.apple.product-type.application";
		};
		C1C9876E24B5C66D00216513 /* MapDemoAppTests */ = {
			isa = PBXNativeTarget;
			buildConfigurationList = C1C9877B24B5C66D00216513 /* Build configuration list for PBXNativeTarget "MapDemoAppTests" */;
			buildPhases = (
				EE0B0ADA48480D99729968F4 /* [CP] Check Pods Manifest.lock */,
				C1C9876B24B5C66D00216513 /* Sources */,
				C1C9876C24B5C66D00216513 /* Frameworks */,
				C1C9876D24B5C66D00216513 /* Resources */,
			);
			buildRules = (
			);
			dependencies = (
				C1C9877124B5C66D00216513 /* PBXTargetDependency */,
			);
			name = MapDemoAppTests;
			productName = MapDemoAppTests;
			productReference = C1C9876F24B5C66D00216513 /* MapDemoAppTests.xctest */;
			productType = "com.apple.product-type.bundle.unit-test";
		};
/* End PBXNativeTarget section */

/* Begin PBXProject section */
		C1C9875124B5C66A00216513 /* Project object */ = {
			isa = PBXProject;
			attributes = {
				LastSwiftUpdateCheck = 1130;
				LastUpgradeCheck = 1130;
				ORGANIZATIONNAME = TarshaDeSouza;
				TargetAttributes = {
					C1C9875824B5C66A00216513 = {
						CreatedOnToolsVersion = 11.3.1;
					};
					C1C9876E24B5C66D00216513 = {
						CreatedOnToolsVersion = 11.3.1;
						TestTargetID = C1C9875824B5C66A00216513;
					};
				};
			};
			buildConfigurationList = C1C9875424B5C66A00216513 /* Build configuration list for PBXProject "MapDemoApp" */;
			compatibilityVersion = "Xcode 9.3";
			developmentRegion = en;
			hasScannedForEncodings = 0;
			knownRegions = (
				en,
				Base,
			);
			mainGroup = C1C9875024B5C66A00216513;
			productRefGroup = C1C9875A24B5C66A00216513 /* Products */;
			projectDirPath = "";
			projectRoot = "";
			targets = (
				C1C9875824B5C66A00216513 /* MapDemoApp */,
				C1C9876E24B5C66D00216513 /* MapDemoAppTests */,
			);
		};
/* End PBXProject section */

/* Begin PBXResourcesBuildPhase section */
		C1C9875724B5C66A00216513 /* Resources */ = {
			isa = PBXResourcesBuildPhase;
			buildActionMask = 2147483647;
			files = (
				C1C9876924B5C66D00216513 /* LaunchScreen.storyboard in Resources */,
				C1C9876624B5C66D00216513 /* Assets.xcassets in Resources */,
				C177F1CF24B6203900FBCACC /* MainMapViewController.xib in Resources */,
				C1C9876424B5C66A00216513 /* Main.storyboard in Resources */,
			);
			runOnlyForDeploymentPostprocessing = 0;
		};
		C1C9876D24B5C66D00216513 /* Resources */ = {
			isa = PBXResourcesBuildPhase;
			buildActionMask = 2147483647;
			files = (
				C19BDE9A24BB9B0B00DFCB3D /* Meep.json in Resources */,
			);
			runOnlyForDeploymentPostprocessing = 0;
		};
/* End PBXResourcesBuildPhase section */

/* Begin PBXShellScriptBuildPhase section */
		182A6EB0F98BB0858B2A541C /* [CP] Embed Pods Frameworks */ = {
			isa = PBXShellScriptBuildPhase;
			buildActionMask = 2147483647;
			files = (
			);
			inputFileListPaths = (
				"${PODS_ROOT}/Target Support Files/Pods-MapDemoApp/Pods-MapDemoApp-frameworks-${CONFIGURATION}-input-files.xcfilelist",
			);
			name = "[CP] Embed Pods Frameworks";
			outputFileListPaths = (
				"${PODS_ROOT}/Target Support Files/Pods-MapDemoApp/Pods-MapDemoApp-frameworks-${CONFIGURATION}-output-files.xcfilelist",
			);
			runOnlyForDeploymentPostprocessing = 0;
			shellPath = /bin/sh;
			shellScript = "\"${PODS_ROOT}/Target Support Files/Pods-MapDemoApp/Pods-MapDemoApp-frameworks.sh\"\n";
			showEnvVarsInLog = 0;
		};
		A94EF36DD92F4362806CE223 /* [CP] Copy Pods Resources */ = {
			isa = PBXShellScriptBuildPhase;
			buildActionMask = 2147483647;
			files = (
			);
			inputFileListPaths = (
				"${PODS_ROOT}/Target Support Files/Pods-MapDemoApp/Pods-MapDemoApp-resources-${CONFIGURATION}-input-files.xcfilelist",
			);
			name = "[CP] Copy Pods Resources";
			outputFileListPaths = (
				"${PODS_ROOT}/Target Support Files/Pods-MapDemoApp/Pods-MapDemoApp-resources-${CONFIGURATION}-output-files.xcfilelist",
			);
			runOnlyForDeploymentPostprocessing = 0;
			shellPath = /bin/sh;
			shellScript = "\"${PODS_ROOT}/Target Support Files/Pods-MapDemoApp/Pods-MapDemoApp-resources.sh\"\n";
			showEnvVarsInLog = 0;
		};
		AB48564EE2E64E0A11EA62AD /* [CP] Check Pods Manifest.lock */ = {
			isa = PBXShellScriptBuildPhase;
			buildActionMask = 2147483647;
			files = (
			);
			inputFileListPaths = (
			);
			inputPaths = (
				"${PODS_PODFILE_DIR_PATH}/Podfile.lock",
				"${PODS_ROOT}/Manifest.lock",
			);
			name = "[CP] Check Pods Manifest.lock";
			outputFileListPaths = (
			);
			outputPaths = (
				"$(DERIVED_FILE_DIR)/Pods-MapDemoApp-checkManifestLockResult.txt",
			);
			runOnlyForDeploymentPostprocessing = 0;
			shellPath = /bin/sh;
			shellScript = "diff \"${PODS_PODFILE_DIR_PATH}/Podfile.lock\" \"${PODS_ROOT}/Manifest.lock\" > /dev/null\nif [ $? != 0 ] ; then\n    # print error to STDERR\n    echo \"error: The sandbox is not in sync with the Podfile.lock. Run 'pod install' or update your CocoaPods installation.\" >&2\n    exit 1\nfi\n# This output is used by Xcode 'outputs' to avoid re-running this script phase.\necho \"SUCCESS\" > \"${SCRIPT_OUTPUT_FILE_0}\"\n";
			showEnvVarsInLog = 0;
		};
		EE0B0ADA48480D99729968F4 /* [CP] Check Pods Manifest.lock */ = {
			isa = PBXShellScriptBuildPhase;
			buildActionMask = 2147483647;
			files = (
			);
			inputFileListPaths = (
			);
			inputPaths = (
				"${PODS_PODFILE_DIR_PATH}/Podfile.lock",
				"${PODS_ROOT}/Manifest.lock",
			);
			name = "[CP] Check Pods Manifest.lock";
			outputFileListPaths = (
			);
			outputPaths = (
				"$(DERIVED_FILE_DIR)/Pods-MapDemoAppTests-checkManifestLockResult.txt",
			);
			runOnlyForDeploymentPostprocessing = 0;
			shellPath = /bin/sh;
			shellScript = "diff \"${PODS_PODFILE_DIR_PATH}/Podfile.lock\" \"${PODS_ROOT}/Manifest.lock\" > /dev/null\nif [ $? != 0 ] ; then\n    # print error to STDERR\n    echo \"error: The sandbox is not in sync with the Podfile.lock. Run 'pod install' or update your CocoaPods installation.\" >&2\n    exit 1\nfi\n# This output is used by Xcode 'outputs' to avoid re-running this script phase.\necho \"SUCCESS\" > \"${SCRIPT_OUTPUT_FILE_0}\"\n";
			showEnvVarsInLog = 0;
		};
/* End PBXShellScriptBuildPhase section */

/* Begin PBXSourcesBuildPhase section */
		C1C9875524B5C66A00216513 /* Sources */ = {
			isa = PBXSourcesBuildPhase;
			buildActionMask = 2147483647;
			files = (
				C1EC759724B6F222000F33C4 /* Alamofire+Extensions.swift in Sources */,
				C177F1DA24B6263C00FBCACC /* Meepable.swift in Sources */,
				C177F1D824B6249500FBCACC /* Vehicle.swift in Sources */,
				C177F1E724B62D6000FBCACC /* Bike.swift in Sources */,
				C177F1C624B6200800FBCACC /* MainMapViewController.swift in Sources */,
				C177F1CD24B6202700FBCACC /* MainMapModel.swift in Sources */,
				C177F1C524B6200800FBCACC /* MainMapRouter.swift in Sources */,
				C177F1C424B6200800FBCACC /* MainMapPresenter.swift in Sources */,
				C1EC759B24B78500000F33C4 /* MeepViewObject.swift in Sources */,
				C1C9875D24B5C66A00216513 /* AppDelegate.swift in Sources */,
				C19BDE8224BB690200DFCB3D /* MapMarkerFactory.swift in Sources */,
				C177F1DF24B62AAA00FBCACC /* RequestManager.swift in Sources */,
				C177F1E324B62BC200FBCACC /* MainMapRepository.swift in Sources */,
				C19BDE8424BB7FA100DFCB3D /* MarkerColors.swift in Sources */,
				C1C9875F24B5C66A00216513 /* SceneDelegate.swift in Sources */,
				C1894E2724BC8753006F9F9A /* UIImage+Extensions.swift in Sources */,
				C177F1DD24B62A8D00FBCACC /* BaseRepository.swift in Sources */,
				C177F1E124B62AC900FBCACC /* Endpoints.swift in Sources */,
				C177F1E924B62E4800FBCACC /* BustStop.swift in Sources */,
				C19BDE9E24BB9F7A00DFCB3D /* AttentionView.swift in Sources */,
				C1894E2B24BC8D61006F9F9A /* Double+Extensions.swift in Sources */,
				C177F1E524B62CA000FBCACC /* Meep.swift in Sources */,
				C177F1C724B6200800FBCACC /* MainMapInteractor.swift in Sources */,
			);
			runOnlyForDeploymentPostprocessing = 0;
		};
		C1C9876B24B5C66D00216513 /* Sources */ = {
			isa = PBXSourcesBuildPhase;
			buildActionMask = 2147483647;
			files = (
				C1894E2924BC87F6006F9F9A /* MainMapPresenterTests.swift in Sources */,
				C19BDE9C24BB9B3D00DFCB3D /* MainMapInteractorTests.swift in Sources */,
				C19BDE9624BB992200DFCB3D /* MainMapViewMock.swift in Sources */,
				C19BDE9224BB983900DFCB3D /* MainMapPresenterMock.swift in Sources */,
				C19BDE8724BB96B500DFCB3D /* MapRepositoryMock.swift in Sources */,
				C19BDE8924BB978D00DFCB3D /* XCTestExtensions.swift in Sources */,
				C1C9877424B5C66D00216513 /* MapDemoAppTests.swift in Sources */,
				C19BDE9424BB98C800DFCB3D /* MainMapInteractorMock.swift in Sources */,
				C19BDE9824BB9A5B00DFCB3D /* CommonApiError.swift in Sources */,
			);
			runOnlyForDeploymentPostprocessing = 0;
		};
/* End PBXSourcesBuildPhase section */

/* Begin PBXTargetDependency section */
		C1C9877124B5C66D00216513 /* PBXTargetDependency */ = {
			isa = PBXTargetDependency;
			target = C1C9875824B5C66A00216513 /* MapDemoApp */;
			targetProxy = C1C9877024B5C66D00216513 /* PBXContainerItemProxy */;
		};
/* End PBXTargetDependency section */

/* Begin PBXVariantGroup section */
		C1C9876224B5C66A00216513 /* Main.storyboard */ = {
			isa = PBXVariantGroup;
			children = (
				C1C9876324B5C66A00216513 /* Base */,
			);
			name = Main.storyboard;
			sourceTree = "<group>";
		};
		C1C9876724B5C66D00216513 /* LaunchScreen.storyboard */ = {
			isa = PBXVariantGroup;
			children = (
				C1C9876824B5C66D00216513 /* Base */,
			);
			name = LaunchScreen.storyboard;
			sourceTree = "<group>";
		};
/* End PBXVariantGroup section */

/* Begin XCBuildConfiguration section */
		C1C9877624B5C66D00216513 /* Debug */ = {
			isa = XCBuildConfiguration;
			buildSettings = {
				ALWAYS_SEARCH_USER_PATHS = NO;
				CLANG_ANALYZER_NONNULL = YES;
				CLANG_ANALYZER_NUMBER_OBJECT_CONVERSION = YES_AGGRESSIVE;
				CLANG_CXX_LANGUAGE_STANDARD = "gnu++14";
				CLANG_CXX_LIBRARY = "libc++";
				CLANG_ENABLE_MODULES = YES;
				CLANG_ENABLE_OBJC_ARC = YES;
				CLANG_ENABLE_OBJC_WEAK = YES;
				CLANG_WARN_BLOCK_CAPTURE_AUTORELEASING = YES;
				CLANG_WARN_BOOL_CONVERSION = YES;
				CLANG_WARN_COMMA = YES;
				CLANG_WARN_CONSTANT_CONVERSION = YES;
				CLANG_WARN_DEPRECATED_OBJC_IMPLEMENTATIONS = YES;
				CLANG_WARN_DIRECT_OBJC_ISA_USAGE = YES_ERROR;
				CLANG_WARN_DOCUMENTATION_COMMENTS = YES;
				CLANG_WARN_EMPTY_BODY = YES;
				CLANG_WARN_ENUM_CONVERSION = YES;
				CLANG_WARN_INFINITE_RECURSION = YES;
				CLANG_WARN_INT_CONVERSION = YES;
				CLANG_WARN_NON_LITERAL_NULL_CONVERSION = YES;
				CLANG_WARN_OBJC_IMPLICIT_RETAIN_SELF = YES;
				CLANG_WARN_OBJC_LITERAL_CONVERSION = YES;
				CLANG_WARN_OBJC_ROOT_CLASS = YES_ERROR;
				CLANG_WARN_RANGE_LOOP_ANALYSIS = YES;
				CLANG_WARN_STRICT_PROTOTYPES = YES;
				CLANG_WARN_SUSPICIOUS_MOVE = YES;
				CLANG_WARN_UNGUARDED_AVAILABILITY = YES_AGGRESSIVE;
				CLANG_WARN_UNREACHABLE_CODE = YES;
				CLANG_WARN__DUPLICATE_METHOD_MATCH = YES;
				COPY_PHASE_STRIP = NO;
				DEBUG_INFORMATION_FORMAT = dwarf;
				ENABLE_STRICT_OBJC_MSGSEND = YES;
				ENABLE_TESTABILITY = YES;
				GCC_C_LANGUAGE_STANDARD = gnu11;
				GCC_DYNAMIC_NO_PIC = NO;
				GCC_NO_COMMON_BLOCKS = YES;
				GCC_OPTIMIZATION_LEVEL = 0;
				GCC_PREPROCESSOR_DEFINITIONS = (
					"DEBUG=1",
					"$(inherited)",
				);
				GCC_WARN_64_TO_32_BIT_CONVERSION = YES;
				GCC_WARN_ABOUT_RETURN_TYPE = YES_ERROR;
				GCC_WARN_UNDECLARED_SELECTOR = YES;
				GCC_WARN_UNINITIALIZED_AUTOS = YES_AGGRESSIVE;
				GCC_WARN_UNUSED_FUNCTION = YES;
				GCC_WARN_UNUSED_VARIABLE = YES;
				IPHONEOS_DEPLOYMENT_TARGET = 13.2;
				MTL_ENABLE_DEBUG_INFO = INCLUDE_SOURCE;
				MTL_FAST_MATH = YES;
				ONLY_ACTIVE_ARCH = YES;
				SDKROOT = iphoneos;
				SWIFT_ACTIVE_COMPILATION_CONDITIONS = DEBUG;
				SWIFT_OPTIMIZATION_LEVEL = "-Onone";
			};
			name = Debug;
		};
		C1C9877724B5C66D00216513 /* Release */ = {
			isa = XCBuildConfiguration;
			buildSettings = {
				ALWAYS_SEARCH_USER_PATHS = NO;
				CLANG_ANALYZER_NONNULL = YES;
				CLANG_ANALYZER_NUMBER_OBJECT_CONVERSION = YES_AGGRESSIVE;
				CLANG_CXX_LANGUAGE_STANDARD = "gnu++14";
				CLANG_CXX_LIBRARY = "libc++";
				CLANG_ENABLE_MODULES = YES;
				CLANG_ENABLE_OBJC_ARC = YES;
				CLANG_ENABLE_OBJC_WEAK = YES;
				CLANG_WARN_BLOCK_CAPTURE_AUTORELEASING = YES;
				CLANG_WARN_BOOL_CONVERSION = YES;
				CLANG_WARN_COMMA = YES;
				CLANG_WARN_CONSTANT_CONVERSION = YES;
				CLANG_WARN_DEPRECATED_OBJC_IMPLEMENTATIONS = YES;
				CLANG_WARN_DIRECT_OBJC_ISA_USAGE = YES_ERROR;
				CLANG_WARN_DOCUMENTATION_COMMENTS = YES;
				CLANG_WARN_EMPTY_BODY = YES;
				CLANG_WARN_ENUM_CONVERSION = YES;
				CLANG_WARN_INFINITE_RECURSION = YES;
				CLANG_WARN_INT_CONVERSION = YES;
				CLANG_WARN_NON_LITERAL_NULL_CONVERSION = YES;
				CLANG_WARN_OBJC_IMPLICIT_RETAIN_SELF = YES;
				CLANG_WARN_OBJC_LITERAL_CONVERSION = YES;
				CLANG_WARN_OBJC_ROOT_CLASS = YES_ERROR;
				CLANG_WARN_RANGE_LOOP_ANALYSIS = YES;
				CLANG_WARN_STRICT_PROTOTYPES = YES;
				CLANG_WARN_SUSPICIOUS_MOVE = YES;
				CLANG_WARN_UNGUARDED_AVAILABILITY = YES_AGGRESSIVE;
				CLANG_WARN_UNREACHABLE_CODE = YES;
				CLANG_WARN__DUPLICATE_METHOD_MATCH = YES;
				COPY_PHASE_STRIP = NO;
				DEBUG_INFORMATION_FORMAT = "dwarf-with-dsym";
				ENABLE_NS_ASSERTIONS = NO;
				ENABLE_STRICT_OBJC_MSGSEND = YES;
				GCC_C_LANGUAGE_STANDARD = gnu11;
				GCC_NO_COMMON_BLOCKS = YES;
				GCC_WARN_64_TO_32_BIT_CONVERSION = YES;
				GCC_WARN_ABOUT_RETURN_TYPE = YES_ERROR;
				GCC_WARN_UNDECLARED_SELECTOR = YES;
				GCC_WARN_UNINITIALIZED_AUTOS = YES_AGGRESSIVE;
				GCC_WARN_UNUSED_FUNCTION = YES;
				GCC_WARN_UNUSED_VARIABLE = YES;
				IPHONEOS_DEPLOYMENT_TARGET = 13.2;
				MTL_ENABLE_DEBUG_INFO = NO;
				MTL_FAST_MATH = YES;
				SDKROOT = iphoneos;
				SWIFT_COMPILATION_MODE = wholemodule;
				SWIFT_OPTIMIZATION_LEVEL = "-O";
				VALIDATE_PRODUCT = YES;
			};
			name = Release;
		};
		C1C9877924B5C66D00216513 /* Debug */ = {
			isa = XCBuildConfiguration;
			baseConfigurationReference = 38BB7010A963F36F2AD56409 /* Pods-MapDemoApp.debug.xcconfig */;
			buildSettings = {
				ASSETCATALOG_COMPILER_APPICON_NAME = AppIcon;
				CODE_SIGN_STYLE = Automatic;
				DEVELOPMENT_TEAM = 882HGE2Q5Y;
				INFOPLIST_FILE = MapDemoApp/Info.plist;
				LD_RUNPATH_SEARCH_PATHS = (
					"$(inherited)",
					"@executable_path/Frameworks",
				);
				PRODUCT_BUNDLE_IDENTIFIER = TarshaDeSouza.MapDemoApp;
				PRODUCT_NAME = "$(TARGET_NAME)";
				SWIFT_VERSION = 5.0;
				TARGETED_DEVICE_FAMILY = "1,2";
			};
			name = Debug;
		};
		C1C9877A24B5C66D00216513 /* Release */ = {
			isa = XCBuildConfiguration;
			baseConfigurationReference = BEC501CF70CFB08819B76726 /* Pods-MapDemoApp.release.xcconfig */;
			buildSettings = {
				ASSETCATALOG_COMPILER_APPICON_NAME = AppIcon;
				CODE_SIGN_STYLE = Automatic;
				DEVELOPMENT_TEAM = 882HGE2Q5Y;
				INFOPLIST_FILE = MapDemoApp/Info.plist;
				LD_RUNPATH_SEARCH_PATHS = (
					"$(inherited)",
					"@executable_path/Frameworks",
				);
				PRODUCT_BUNDLE_IDENTIFIER = TarshaDeSouza.MapDemoApp;
				PRODUCT_NAME = "$(TARGET_NAME)";
				SWIFT_VERSION = 5.0;
				TARGETED_DEVICE_FAMILY = "1,2";
			};
			name = Release;
		};
		C1C9877C24B5C66D00216513 /* Debug */ = {
			isa = XCBuildConfiguration;
			baseConfigurationReference = A2D8DF6C45D3F7E8046EFA04 /* Pods-MapDemoAppTests.debug.xcconfig */;
			buildSettings = {
				ALWAYS_EMBED_SWIFT_STANDARD_LIBRARIES = YES;
				BUNDLE_LOADER = "$(TEST_HOST)";
				CODE_SIGN_STYLE = Automatic;
				DEVELOPMENT_TEAM = 882HGE2Q5Y;
				INFOPLIST_FILE = MapDemoAppTests/Info.plist;
				IPHONEOS_DEPLOYMENT_TARGET = 13.2;
				LD_RUNPATH_SEARCH_PATHS = (
					"$(inherited)",
					"@executable_path/Frameworks",
					"@loader_path/Frameworks",
				);
				PRODUCT_BUNDLE_IDENTIFIER = TarshaDeSouza.MapDemoAppTests;
				PRODUCT_NAME = "$(TARGET_NAME)";
				SWIFT_VERSION = 5.0;
				TARGETED_DEVICE_FAMILY = "1,2";
				TEST_HOST = "$(BUILT_PRODUCTS_DIR)/MapDemoApp.app/MapDemoApp";
			};
			name = Debug;
		};
		C1C9877D24B5C66D00216513 /* Release */ = {
			isa = XCBuildConfiguration;
			baseConfigurationReference = B02D9C56859B29EB2AC1019B /* Pods-MapDemoAppTests.release.xcconfig */;
			buildSettings = {
				ALWAYS_EMBED_SWIFT_STANDARD_LIBRARIES = YES;
				BUNDLE_LOADER = "$(TEST_HOST)";
				CODE_SIGN_STYLE = Automatic;
				DEVELOPMENT_TEAM = 882HGE2Q5Y;
				INFOPLIST_FILE = MapDemoAppTests/Info.plist;
				IPHONEOS_DEPLOYMENT_TARGET = 13.2;
				LD_RUNPATH_SEARCH_PATHS = (
					"$(inherited)",
					"@executable_path/Frameworks",
					"@loader_path/Frameworks",
				);
				PRODUCT_BUNDLE_IDENTIFIER = TarshaDeSouza.MapDemoAppTests;
				PRODUCT_NAME = "$(TARGET_NAME)";
				SWIFT_VERSION = 5.0;
				TARGETED_DEVICE_FAMILY = "1,2";
				TEST_HOST = "$(BUILT_PRODUCTS_DIR)/MapDemoApp.app/MapDemoApp";
			};
			name = Release;
		};
/* End XCBuildConfiguration section */

/* Begin XCConfigurationList section */
		C1C9875424B5C66A00216513 /* Build configuration list for PBXProject "MapDemoApp" */ = {
			isa = XCConfigurationList;
			buildConfigurations = (
				C1C9877624B5C66D00216513 /* Debug */,
				C1C9877724B5C66D00216513 /* Release */,
			);
			defaultConfigurationIsVisible = 0;
			defaultConfigurationName = Release;
		};
		C1C9877824B5C66D00216513 /* Build configuration list for PBXNativeTarget "MapDemoApp" */ = {
			isa = XCConfigurationList;
			buildConfigurations = (
				C1C9877924B5C66D00216513 /* Debug */,
				C1C9877A24B5C66D00216513 /* Release */,
			);
			defaultConfigurationIsVisible = 0;
			defaultConfigurationName = Release;
		};
		C1C9877B24B5C66D00216513 /* Build configuration list for PBXNativeTarget "MapDemoAppTests" */ = {
			isa = XCConfigurationList;
			buildConfigurations = (
				C1C9877C24B5C66D00216513 /* Debug */,
				C1C9877D24B5C66D00216513 /* Release */,
			);
			defaultConfigurationIsVisible = 0;
			defaultConfigurationName = Release;
		};
/* End XCConfigurationList section */
	};
	rootObject = C1C9875124B5C66A00216513 /* Project object */;
}
